// !$*UTF8*$!
{
	archiveVersion = 1;
	classes = {
	};
	objectVersion = 46;
	objects = {

/* Begin PBXBuildFile section */
		4A79163519BBDFA40059077B /* scriptlauncher.s.cpp in Sources */ = {isa = PBXBuildFile; fileRef = 4A79163419BBDFA40059077B /* scriptlauncher.s.cpp */; };
		4A9669791B3A0E310019A0A6 /* main.mm in Sources */ = {isa = PBXBuildFile; fileRef = 4A9669781B3A0E310019A0A6 /* main.mm */; };
/* End PBXBuildFile section */

/* Begin PBXCopyFilesBuildPhase section */
		4A79162619BBDE290059077B /* CopyFiles */ = {
			isa = PBXCopyFilesBuildPhase;
			buildActionMask = 2147483647;
			dstPath = /usr/share/man/man1/;
			dstSubfolderSpec = 0;
			files = (
			);
			runOnlyForDeploymentPostprocessing = 1;
		};
/* End PBXCopyFilesBuildPhase section */

/* Begin PBXFileReference section */
		4A79162819BBDE290059077B /* GTAAssembler */ = {isa = PBXFileReference; explicitFileType = "compiled.mach-o.executable"; includeInIndex = 0; path = GTAAssembler; sourceTree = BUILT_PRODUCTS_DIR; };
		4A79163419BBDFA40059077B /* scriptlauncher.s.cpp */ = {isa = PBXFileReference; explicitFileType = text; fileEncoding = 4; name = scriptlauncher.s.cpp; path = GTAAssembler/scriptlauncher.s.cpp; sourceTree = "<group>"; };
		4A9669781B3A0E310019A0A6 /* main.mm */ = {isa = PBXFileReference; fileEncoding = 4; lastKnownFileType = sourcecode.cpp.objcpp; path = main.mm; sourceTree = SOURCE_ROOT; };
		4A96697E1B3A30FE0019A0A6 /* native_translation.json */ = {isa = PBXFileReference; fileEncoding = 4; lastKnownFileType = text.json; path = native_translation.json; sourceTree = SOURCE_ROOT; };
		4A96697F1B3A30FE0019A0A6 /* natives.json */ = {isa = PBXFileReference; fileEncoding = 4; lastKnownFileType = text.json; path = natives.json; sourceTree = SOURCE_ROOT; };
/* End PBXFileReference section */

/* Begin PBXFrameworksBuildPhase section */
		4A79162519BBDE290059077B /* Frameworks */ = {
			isa = PBXFrameworksBuildPhase;
			buildActionMask = 2147483647;
			files = (
			);
			runOnlyForDeploymentPostprocessing = 0;
		};
/* End PBXFrameworksBuildPhase section */

/* Begin PBXGroup section */
		4A79161F19BBDE290059077B = {
			isa = PBXGroup;
			children = (
				4A79163419BBDFA40059077B /* scriptlauncher.s.cpp */,
				4A79162A19BBDE290059077B /* GTAAssembler */,
				4A79162919BBDE290059077B /* Products */,
			);
			sourceTree = "<group>";
		};
		4A79162919BBDE290059077B /* Products */ = {
			isa = PBXGroup;
			children = (
				4A79162819BBDE290059077B /* GTAAssembler */,
			);
			name = Products;
			sourceTree = "<group>";
		};
		4A79162A19BBDE290059077B /* GTAAssembler */ = {
			isa = PBXGroup;
			children = (
				4A96697E1B3A30FE0019A0A6 /* native_translation.json */,
				4A96697F1B3A30FE0019A0A6 /* natives.json */,
				4A9669781B3A0E310019A0A6 /* main.mm */,
			);
			path = GTAAssembler;
			sourceTree = "<group>";
		};
/* End PBXGroup section */

/* Begin PBXNativeTarget section */
		4A79162719BBDE290059077B /* GTAAssembler */ = {
			isa = PBXNativeTarget;
			buildConfigurationList = 4A79163119BBDE290059077B /* Build configuration list for PBXNativeTarget "GTAAssembler" */;
			buildPhases = (
				4A79162419BBDE290059077B /* Sources */,
				4A79162519BBDE290059077B /* Frameworks */,
				4A79162619BBDE290059077B /* CopyFiles */,
			);
			buildRules = (
			);
			dependencies = (
			);
			name = GTAAssembler;
			productName = GTAAssembler;
			productReference = 4A79162819BBDE290059077B /* GTAAssembler */;
			productType = "com.apple.product-type.tool";
		};
/* End PBXNativeTarget section */

/* Begin PBXProject section */
		4A79162019BBDE290059077B /* Project object */ = {
			isa = PBXProject;
			attributes = {
				LastUpgradeCheck = 0510;
				ORGANIZATIONNAME = "Greg Slomin";
			};
			buildConfigurationList = 4A79162319BBDE290059077B /* Build configuration list for PBXProject "GTAAssembler" */;
			compatibilityVersion = "Xcode 3.2";
			developmentRegion = English;
			hasScannedForEncodings = 0;
			knownRegions = (
				en,
			);
			mainGroup = 4A79161F19BBDE290059077B;
			productRefGroup = 4A79162919BBDE290059077B /* Products */;
			projectDirPath = "";
			projectRoot = "";
			targets = (
				4A79162719BBDE290059077B /* GTAAssembler */,
			);
		};
/* End PBXProject section */

/* Begin PBXSourcesBuildPhase section */
		4A79162419BBDE290059077B /* Sources */ = {
			isa = PBXSourcesBuildPhase;
			buildActionMask = 2147483647;
			files = (
				4A9669791B3A0E310019A0A6 /* main.mm in Sources */,
				4A79163519BBDFA40059077B /* scriptlauncher.s.cpp in Sources */,
			);
			runOnlyForDeploymentPostprocessing = 0;
		};
/* End PBXSourcesBuildPhase section */

/* Begin XCBuildConfiguration section */
		4A79162F19BBDE290059077B /* Debug */ = {
			isa = XCBuildConfiguration;
			buildSettings = {
				ALWAYS_SEARCH_USER_PATHS = NO;
				CLANG_CXX_LANGUAGE_STANDARD = "gnu++0x";
				CLANG_CXX_LIBRARY = "libc++";
				CLANG_ENABLE_MODULES = YES;
				CLANG_ENABLE_OBJC_ARC = YES;
				CLANG_WARN_BOOL_CONVERSION = YES;
				CLANG_WARN_CONSTANT_CONVERSION = YES;
				CLANG_WARN_DIRECT_OBJC_ISA_USAGE = YES_ERROR;
				CLANG_WARN_EMPTY_BODY = YES;
				CLANG_WARN_ENUM_CONVERSION = YES;
				CLANG_WARN_INT_CONVERSION = YES;
				CLANG_WARN_OBJC_ROOT_CLASS = YES_ERROR;
				CLANG_WARN__DUPLICATE_METHOD_MATCH = YES;
				COPY_PHASE_STRIP = NO;
				GCC_C_LANGUAGE_STANDARD = gnu99;
				GCC_DYNAMIC_NO_PIC = NO;
				GCC_ENABLE_OBJC_EXCEPTIONS = YES;
				GCC_OPTIMIZATION_LEVEL = 0;
				GCC_PREPROCESSOR_DEFINITIONS = (
					"DEBUG=1",
					"$(inherited)",
				);
				GCC_SYMBOLS_PRIVATE_EXTERN = NO;
				GCC_WARN_64_TO_32_BIT_CONVERSION = YES;
				GCC_WARN_ABOUT_RETURN_TYPE = YES_ERROR;
				GCC_WARN_UNDECLARED_SELECTOR = YES;
				GCC_WARN_UNINITIALIZED_AUTOS = YES_AGGRESSIVE;
				GCC_WARN_UNUSED_FUNCTION = YES;
				GCC_WARN_UNUSED_VARIABLE = YES;
				MACOSX_DEPLOYMENT_TARGET = 10.9;
				ONLY_ACTIVE_ARCH = YES;
				SDKROOT = macosx;
			};
			name = Debug;
		};
		4A79163019BBDE290059077B /* Release */ = {
			isa = XCBuildConfiguration;
			buildSettings = {
				ALWAYS_SEARCH_USER_PATHS = NO;
				CLANG_CXX_LANGUAGE_STANDARD = "gnu++0x";
				CLANG_CXX_LIBRARY = "libc++";
				CLANG_ENABLE_MODULES = YES;
				CLANG_ENABLE_OBJC_ARC = YES;
				CLANG_WARN_BOOL_CONVERSION = YES;
				CLANG_WARN_CONSTANT_CONVERSION = YES;
				CLANG_WARN_DIRECT_OBJC_ISA_USAGE = YES_ERROR;
				CLANG_WARN_EMPTY_BODY = YES;
				CLANG_WARN_ENUM_CONVERSION = YES;
				CLANG_WARN_INT_CONVERSION = YES;
				CLANG_WARN_OBJC_ROOT_CLASS = YES_ERROR;
				CLANG_WARN__DUPLICATE_METHOD_MATCH = YES;
				COPY_PHASE_STRIP = YES;
				DEBUG_INFORMATION_FORMAT = "dwarf-with-dsym";
				ENABLE_NS_ASSERTIONS = NO;
				GCC_C_LANGUAGE_STANDARD = gnu99;
				GCC_ENABLE_OBJC_EXCEPTIONS = YES;
				GCC_WARN_64_TO_32_BIT_CONVERSION = YES;
				GCC_WARN_ABOUT_RETURN_TYPE = YES_ERROR;
				GCC_WARN_UNDECLARED_SELECTOR = YES;
				GCC_WARN_UNINITIALIZED_AUTOS = YES_AGGRESSIVE;
				GCC_WARN_UNUSED_FUNCTION = YES;
				GCC_WARN_UNUSED_VARIABLE = YES;
				MACOSX_DEPLOYMENT_TARGET = 10.9;
				SDKROOT = macosx;
			};
			name = Release;
		};
		4A79163219BBDE290059077B /* Debug */ = {
			isa = XCBuildConfiguration;
			buildSettings = {
				PRODUCT_NAME = "$(TARGET_NAME)";
			};
			name = Debug;
		};
		4A79163319BBDE290059077B /* Release */ = {
			isa = XCBuildConfiguration;
			buildSettings = {
				PRODUCT_NAME = "$(TARGET_NAME)";
			};
			name = Release;
		};
/* End XCBuildConfiguration section */

/* Begin XCConfigurationList section */
		4A79162319BBDE290059077B /* Build configuration list for PBXProject "GTAAssembler" */ = {
			isa = XCConfigurationList;
			buildConfigurations = (
				4A79162F19BBDE290059077B /* Debug */,
				4A79163019BBDE290059077B /* Release */,
			);
			defaultConfigurationIsVisible = 0;
			defaultConfigurationName = Release;
		};
		4A79163119BBDE290059077B /* Build configuration list for PBXNativeTarget "GTAAssembler" */ = {
			isa = XCConfigurationList;
			buildConfigurations = (
				4A79163219BBDE290059077B /* Debug */,
				4A79163319BBDE290059077B /* Release */,
			);
			defaultConfigurationIsVisible = 0;
			defaultConfigurationName = Release;
		};
/* End XCConfigurationList section */
	};
	rootObject = 4A79162019BBDE290059077B /* Project object */;
}
